// !$*UTF8*$!
{
	archiveVersion = 1;
	classes = {
	};
	objectVersion = 50;
	objects = {

/* Begin PBXBuildFile section */
		02D0EC17272E91C60090B451 /* AppDelegate.swift in Sources */ = {isa = PBXBuildFile; fileRef = 02D0EC16272E91C60090B451 /* AppDelegate.swift */; };
		02D0EC19272E91C60090B451 /* SceneDelegate.swift in Sources */ = {isa = PBXBuildFile; fileRef = 02D0EC18272E91C60090B451 /* SceneDelegate.swift */; };
		02D0EC1B272E91C60090B451 /* HomeScreenViewController.swift in Sources */ = {isa = PBXBuildFile; fileRef = 02D0EC1A272E91C60090B451 /* HomeScreenViewController.swift */; };
		02D0EC1E272E91C60090B451 /* Main.storyboard in Resources */ = {isa = PBXBuildFile; fileRef = 02D0EC1C272E91C60090B451 /* Main.storyboard */; };
		02D0EC20272E91CE0090B451 /* Assets.xcassets in Resources */ = {isa = PBXBuildFile; fileRef = 02D0EC1F272E91CE0090B451 /* Assets.xcassets */; };
		02D0EC23272E91CE0090B451 /* LaunchScreen.storyboard in Resources */ = {isa = PBXBuildFile; fileRef = 02D0EC21272E91CE0090B451 /* LaunchScreen.storyboard */; };
		02D0EC30272EDE2F0090B451 /* ApiResponseModel.swift in Sources */ = {isa = PBXBuildFile; fileRef = 02D0EC2F272EDE2F0090B451 /* ApiResponseModel.swift */; };
		02D0EC35272F083E0090B451 /* ImagesCollectionViewController.swift in Sources */ = {isa = PBXBuildFile; fileRef = 02D0EC34272F083E0090B451 /* ImagesCollectionViewController.swift */; };
		02D0EC4127300B460090B451 /* ImageCollectionViewCell.swift in Sources */ = {isa = PBXBuildFile; fileRef = 02D0EC4027300B460090B451 /* ImageCollectionViewCell.swift */; };
/* End PBXBuildFile section */

/* Begin PBXFileReference section */
		02D0EC13272E91C60090B451 /* PhotoSearchApp.app */ = {isa = PBXFileReference; explicitFileType = wrapper.application; includeInIndex = 0; path = PhotoSearchApp.app; sourceTree = BUILT_PRODUCTS_DIR; };
		02D0EC16272E91C60090B451 /* AppDelegate.swift */ = {isa = PBXFileReference; lastKnownFileType = sourcecode.swift; path = AppDelegate.swift; sourceTree = "<group>"; };
		02D0EC18272E91C60090B451 /* SceneDelegate.swift */ = {isa = PBXFileReference; lastKnownFileType = sourcecode.swift; path = SceneDelegate.swift; sourceTree = "<group>"; };
		02D0EC1A272E91C60090B451 /* HomeScreenViewController.swift */ = {isa = PBXFileReference; lastKnownFileType = sourcecode.swift; path = HomeScreenViewController.swift; sourceTree = "<group>"; };
		02D0EC1D272E91C60090B451 /* Base */ = {isa = PBXFileReference; lastKnownFileType = file.storyboard; name = Base; path = Base.lproj/Main.storyboard; sourceTree = "<group>"; };
		02D0EC1F272E91CE0090B451 /* Assets.xcassets */ = {isa = PBXFileReference; lastKnownFileType = folder.assetcatalog; path = Assets.xcassets; sourceTree = "<group>"; };
		02D0EC22272E91CE0090B451 /* Base */ = {isa = PBXFileReference; lastKnownFileType = file.storyboard; name = Base; path = Base.lproj/LaunchScreen.storyboard; sourceTree = "<group>"; };
		02D0EC24272E91CE0090B451 /* Info.plist */ = {isa = PBXFileReference; lastKnownFileType = text.plist.xml; path = Info.plist; sourceTree = "<group>"; };
		02D0EC2F272EDE2F0090B451 /* ApiResponseModel.swift */ = {isa = PBXFileReference; lastKnownFileType = sourcecode.swift; path = ApiResponseModel.swift; sourceTree = "<group>"; };
		02D0EC34272F083E0090B451 /* ImagesCollectionViewController.swift */ = {isa = PBXFileReference; lastKnownFileType = sourcecode.swift; path = ImagesCollectionViewController.swift; sourceTree = "<group>"; };
		02D0EC4027300B460090B451 /* ImageCollectionViewCell.swift */ = {isa = PBXFileReference; lastKnownFileType = sourcecode.swift; path = ImageCollectionViewCell.swift; sourceTree = "<group>"; };
/* End PBXFileReference section */

/* Begin PBXFrameworksBuildPhase section */
		02D0EC10272E91C60090B451 /* Frameworks */ = {
			isa = PBXFrameworksBuildPhase;
			buildActionMask = 2147483647;
			files = (
			);
			runOnlyForDeploymentPostprocessing = 0;
		};
/* End PBXFrameworksBuildPhase section */

/* Begin PBXGroup section */
		02D0EC0A272E91C60090B451 = {
			isa = PBXGroup;
			children = (
				02D0EC15272E91C60090B451 /* PhotoSearchApp */,
				02D0EC14272E91C60090B451 /* Products */,
			);
			sourceTree = "<group>";
		};
		02D0EC14272E91C60090B451 /* Products */ = {
			isa = PBXGroup;
			children = (
				02D0EC13272E91C60090B451 /* PhotoSearchApp.app */,
			);
			name = Products;
			sourceTree = "<group>";
		};
		02D0EC15272E91C60090B451 /* PhotoSearchApp */ = {
			isa = PBXGroup;
			children = (
				02D0EC16272E91C60090B451 /* AppDelegate.swift */,
				02D0EC18272E91C60090B451 /* SceneDelegate.swift */,
				02D0EC39272F08870090B451 /* Controllers */,
				02D0EC38272F085D0090B451 /* Model */,
				02D0EC4027300B460090B451 /* ImageCollectionViewCell.swift */,
				02D0EC1C272E91C60090B451 /* Main.storyboard */,
				02D0EC1F272E91CE0090B451 /* Assets.xcassets */,
				02D0EC21272E91CE0090B451 /* LaunchScreen.storyboard */,
				02D0EC24272E91CE0090B451 /* Info.plist */,
			);
			path = PhotoSearchApp;
			sourceTree = "<group>";
		};
		02D0EC38272F085D0090B451 /* Model */ = {
			isa = PBXGroup;
			children = (
				02D0EC2F272EDE2F0090B451 /* ApiResponseModel.swift */,
			);
			path = Model;
			sourceTree = "<group>";
		};
		02D0EC39272F08870090B451 /* Controllers */ = {
			isa = PBXGroup;
			children = (
				02D0EC1A272E91C60090B451 /* HomeScreenViewController.swift */,
				02D0EC34272F083E0090B451 /* ImagesCollectionViewController.swift */,
			);
			path = Controllers;
			sourceTree = "<group>";
		};
/* End PBXGroup section */

/* Begin PBXNativeTarget section */
		02D0EC12272E91C60090B451 /* PhotoSearchApp */ = {
			isa = PBXNativeTarget;
			buildConfigurationList = 02D0EC27272E91CE0090B451 /* Build configuration list for PBXNativeTarget "PhotoSearchApp" */;
			buildPhases = (
				02D0EC0F272E91C60090B451 /* Sources */,
				02D0EC10272E91C60090B451 /* Frameworks */,
				02D0EC11272E91C60090B451 /* Resources */,
			);
			buildRules = (
			);
			dependencies = (
			);
			name = PhotoSearchApp;
			productName = PhotoSearchApp;
			productReference = 02D0EC13272E91C60090B451 /* PhotoSearchApp.app */;
			productType = "com.apple.product-type.application";
		};
/* End PBXNativeTarget section */

/* Begin PBXProject section */
		02D0EC0B272E91C60090B451 /* Project object */ = {
			isa = PBXProject;
			attributes = {
				LastSwiftUpdateCheck = 1240;
				LastUpgradeCheck = 1240;
				TargetAttributes = {
					02D0EC12272E91C60090B451 = {
						CreatedOnToolsVersion = 12.4;
					};
				};
			};
			buildConfigurationList = 02D0EC0E272E91C60090B451 /* Build configuration list for PBXProject "PhotoSearchApp" */;
			compatibilityVersion = "Xcode 9.3";
			developmentRegion = en;
			hasScannedForEncodings = 0;
			knownRegions = (
				en,
				Base,
			);
			mainGroup = 02D0EC0A272E91C60090B451;
			productRefGroup = 02D0EC14272E91C60090B451 /* Products */;
			projectDirPath = "";
			projectRoot = "";
			targets = (
				02D0EC12272E91C60090B451 /* PhotoSearchApp */,
			);
		};
/* End PBXProject section */

/* Begin PBXResourcesBuildPhase section */
		02D0EC11272E91C60090B451 /* Resources */ = {
			isa = PBXResourcesBuildPhase;
			buildActionMask = 2147483647;
			files = (
				02D0EC23272E91CE0090B451 /* LaunchScreen.storyboard in Resources */,
				02D0EC20272E91CE0090B451 /* Assets.xcassets in Resources */,
				02D0EC1E272E91C60090B451 /* Main.storyboard in Resources */,
			);
			runOnlyForDeploymentPostprocessing = 0;
		};
/* End PBXResourcesBuildPhase section */

/* Begin PBXSourcesBuildPhase section */
		02D0EC0F272E91C60090B451 /* Sources */ = {
			isa = PBXSourcesBuildPhase;
			buildActionMask = 2147483647;
			files = (
				02D0EC4127300B460090B451 /* ImageCollectionViewCell.swift in Sources */,
				02D0EC1B272E91C60090B451 /* HomeScreenViewController.swift in Sources */,
				02D0EC17272E91C60090B451 /* AppDelegate.swift in Sources */,
				02D0EC19272E91C60090B451 /* SceneDelegate.swift in Sources */,
				02D0EC35272F083E0090B451 /* ImagesCollectionViewController.swift in Sources */,
				02D0EC30272EDE2F0090B451 /* ApiResponseModel.swift in Sources */,
			);
			runOnlyForDeploymentPostprocessing = 0;
		};
/* End PBXSourcesBuildPhase section */

/* Begin PBXVariantGroup section */
		02D0EC1C272E91C60090B451 /* Main.storyboard */ = {
			isa = PBXVariantGroup;
			children = (
				02D0EC1D272E91C60090B451 /* Base */,
			);
			name = Main.storyboard;
			sourceTree = "<group>";
		};
		02D0EC21272E91CE0090B451 /* LaunchScreen.storyboard */ = {
			isa = PBXVariantGroup;
			children = (
				02D0EC22272E91CE0090B451 /* Base */,
			);
			name = LaunchScreen.storyboard;
			sourceTree = "<group>";
		};
/* End PBXVariantGroup section */

/* Begin XCBuildConfiguration section */
		02D0EC25272E91CE0090B451 /* Debug */ = {
			isa = XCBuildConfiguration;
			buildSettings = {
				ALWAYS_SEARCH_USER_PATHS = NO;
				CLANG_ANALYZER_NONNULL = YES;
				CLANG_ANALYZER_NUMBER_OBJECT_CONVERSION = YES_AGGRESSIVE;
				CLANG_CXX_LANGUAGE_STANDARD = "gnu++14";
				CLANG_CXX_LIBRARY = "libc++";
				CLANG_ENABLE_MODULES = YES;
				CLANG_ENABLE_OBJC_ARC = YES;
				CLANG_ENABLE_OBJC_WEAK = YES;
				CLANG_WARN_BLOCK_CAPTURE_AUTORELEASING = YES;
				CLANG_WARN_BOOL_CONVERSION = YES;
				CLANG_WARN_COMMA = YES;
				CLANG_WARN_CONSTANT_CONVERSION = YES;
				CLANG_WARN_DEPRECATED_OBJC_IMPLEMENTATIONS = YES;
				CLANG_WARN_DIRECT_OBJC_ISA_USAGE = YES_ERROR;
				CLANG_WARN_DOCUMENTATION_COMMENTS = YES;
				CLANG_WARN_EMPTY_BODY = YES;
				CLANG_WARN_ENUM_CONVERSION = YES;
				CLANG_WARN_INFINITE_RECURSION = YES;
				CLANG_WARN_INT_CONVERSION = YES;
				CLANG_WARN_NON_LITERAL_NULL_CONVERSION = YES;
				CLANG_WARN_OBJC_IMPLICIT_RETAIN_SELF = YES;
				CLANG_WARN_OBJC_LITERAL_CONVERSION = YES;
				CLANG_WARN_OBJC_ROOT_CLASS = YES_ERROR;
				CLANG_WARN_QUOTED_INCLUDE_IN_FRAMEWORK_HEADER = YES;
				CLANG_WARN_RANGE_LOOP_ANALYSIS = YES;
				CLANG_WARN_STRICT_PROTOTYPES = YES;
				CLANG_WARN_SUSPICIOUS_MOVE = YES;
				CLANG_WARN_UNGUARDED_AVAILABILITY = YES_AGGRESSIVE;
				CLANG_WARN_UNREACHABLE_CODE = YES;
				CLANG_WARN__DUPLICATE_METHOD_MATCH = YES;
				COPY_PHASE_STRIP = NO;
				DEBUG_INFORMATION_FORMAT = dwarf;
				ENABLE_STRICT_OBJC_MSGSEND = YES;
				ENABLE_TESTABILITY = YES;
				GCC_C_LANGUAGE_STANDARD = gnu11;
				GCC_DYNAMIC_NO_PIC = NO;
				GCC_NO_COMMON_BLOCKS = YES;
				GCC_OPTIMIZATION_LEVEL = 0;
				GCC_PREPROCESSOR_DEFINITIONS = (
					"DEBUG=1",
					"$(inherited)",
				);
				GCC_WARN_64_TO_32_BIT_CONVERSION = YES;
				GCC_WARN_ABOUT_RETURN_TYPE = YES_ERROR;
				GCC_WARN_UNDECLARED_SELECTOR = YES;
				GCC_WARN_UNINITIALIZED_AUTOS = YES_AGGRESSIVE;
				GCC_WARN_UNUSED_FUNCTION = YES;
				GCC_WARN_UNUSED_VARIABLE = YES;
				IPHONEOS_DEPLOYMENT_TARGET = 14.4;
				MTL_ENABLE_DEBUG_INFO = INCLUDE_SOURCE;
				MTL_FAST_MATH = YES;
				ONLY_ACTIVE_ARCH = YES;
				SDKROOT = iphoneos;
				SWIFT_ACTIVE_COMPILATION_CONDITIONS = DEBUG;
				SWIFT_OPTIMIZATION_LEVEL = "-Onone";
			};
			name = Debug;
		};
		02D0EC26272E91CE0090B451 /* Release */ = {
			isa = XCBuildConfiguration;
			buildSettings = {
				ALWAYS_SEARCH_USER_PATHS = NO;
				CLANG_ANALYZER_NONNULL = YES;
				CLANG_ANALYZER_NUMBER_OBJECT_CONVERSION = YES_AGGRESSIVE;
				CLANG_CXX_LANGUAGE_STANDARD = "gnu++14";
				CLANG_CXX_LIBRARY = "libc++";
				CLANG_ENABLE_MODULES = YES;
				CLANG_ENABLE_OBJC_ARC = YES;
				CLANG_ENABLE_OBJC_WEAK = YES;
				CLANG_WARN_BLOCK_CAPTURE_AUTORELEASING = YES;
				CLANG_WARN_BOOL_CONVERSION = YES;
				CLANG_WARN_COMMA = YES;
				CLANG_WARN_CONSTANT_CONVERSION = YES;
				CLANG_WARN_DEPRECATED_OBJC_IMPLEMENTATIONS = YES;
				CLANG_WARN_DIRECT_OBJC_ISA_USAGE = YES_ERROR;
				CLANG_WARN_DOCUMENTATION_COMMENTS = YES;
				CLANG_WARN_EMPTY_BODY = YES;
				CLANG_WARN_ENUM_CONVERSION = YES;
				CLANG_WARN_INFINITE_RECURSION = YES;
				CLANG_WARN_INT_CONVERSION = YES;
				CLANG_WARN_NON_LITERAL_NULL_CONVERSION = YES;
				CLANG_WARN_OBJC_IMPLICIT_RETAIN_SELF = YES;
				CLANG_WARN_OBJC_LITERAL_CONVERSION = YES;
				CLANG_WARN_OBJC_ROOT_CLASS = YES_ERROR;
				CLANG_WARN_QUOTED_INCLUDE_IN_FRAMEWORK_HEADER = YES;
				CLANG_WARN_RANGE_LOOP_ANALYSIS = YES;
				CLANG_WARN_STRICT_PROTOTYPES = YES;
				CLANG_WARN_SUSPICIOUS_MOVE = YES;
				CLANG_WARN_UNGUARDED_AVAILABILITY = YES_AGGRESSIVE;
				CLANG_WARN_UNREACHABLE_CODE = YES;
				CLANG_WARN__DUPLICATE_METHOD_MATCH = YES;
				COPY_PHASE_STRIP = NO;
				DEBUG_INFORMATION_FORMAT = "dwarf-with-dsym";
				ENABLE_NS_ASSERTIONS = NO;
				ENABLE_STRICT_OBJC_MSGSEND = YES;
				GCC_C_LANGUAGE_STANDARD = gnu11;
				GCC_NO_COMMON_BLOCKS = YES;
				GCC_WARN_64_TO_32_BIT_CONVERSION = YES;
				GCC_WARN_ABOUT_RETURN_TYPE = YES_ERROR;
				GCC_WARN_UNDECLARED_SELECTOR = YES;
				GCC_WARN_UNINITIALIZED_AUTOS = YES_AGGRESSIVE;
				GCC_WARN_UNUSED_FUNCTION = YES;
				GCC_WARN_UNUSED_VARIABLE = YES;
				IPHONEOS_DEPLOYMENT_TARGET = 14.4;
				MTL_ENABLE_DEBUG_INFO = NO;
				MTL_FAST_MATH = YES;
				SDKROOT = iphoneos;
				SWIFT_COMPILATION_MODE = wholemodule;
				SWIFT_OPTIMIZATION_LEVEL = "-O";
				VALIDATE_PRODUCT = YES;
			};
			name = Release;
		};
		02D0EC28272E91CE0090B451 /* Debug */ = {
			isa = XCBuildConfiguration;
			buildSettings = {
				ASSETCATALOG_COMPILER_APPICON_NAME = AppIcon;
				ASSETCATALOG_COMPILER_GLOBAL_ACCENT_COLOR_NAME = AccentColor;
				CODE_SIGN_STYLE = Automatic;
				INFOPLIST_FILE = PhotoSearchApp/Info.plist;
				LD_RUNPATH_SEARCH_PATHS = (
					"$(inherited)",
					"@executable_path/Frameworks",
				);
				PRODUCT_BUNDLE_IDENTIFIER = com.PhotoSearchApp;
				PRODUCT_NAME = "$(TARGET_NAME)";
				SWIFT_VERSION = 5.0;
				TARGETED_DEVICE_FAMILY = "1,2";
			};
			name = Debug;
		};
		02D0EC29272E91CE0090B451 /* Release */ = {
			isa = XCBuildConfiguration;
			buildSettings = {
				ASSETCATALOG_COMPILER_APPICON_NAME = AppIcon;
				ASSETCATALOG_COMPILER_GLOBAL_ACCENT_COLOR_NAME = AccentColor;
				CODE_SIGN_STYLE = Automatic;
				INFOPLIST_FILE = PhotoSearchApp/Info.plist;
				LD_RUNPATH_SEARCH_PATHS = (
					"$(inherited)",
					"@executable_path/Frameworks",
				);
				PRODUCT_BUNDLE_IDENTIFIER = com.PhotoSearchApp;
				PRODUCT_NAME = "$(TARGET_NAME)";
				SWIFT_VERSION = 5.0;
				TARGETED_DEVICE_FAMILY = "1,2";
			};
			name = Release;
		};
/* End XCBuildConfiguration section */

/* Begin XCConfigurationList section */
		02D0EC0E272E91C60090B451 /* Build configuration list for PBXProject "PhotoSearchApp" */ = {
			isa = XCConfigurationList;
			buildConfigurations = (
				02D0EC25272E91CE0090B451 /* Debug */,
				02D0EC26272E91CE0090B451 /* Release */,
			);
			defaultConfigurationIsVisible = 0;
			defaultConfigurationName = Release;
		};
		02D0EC27272E91CE0090B451 /* Build configuration list for PBXNativeTarget "PhotoSearchApp" */ = {
			isa = XCConfigurationList;
			buildConfigurations = (
				02D0EC28272E91CE0090B451 /* Debug */,
				02D0EC29272E91CE0090B451 /* Release */,
			);
			defaultConfigurationIsVisible = 0;
			defaultConfigurationName = Release;
		};
/* End XCConfigurationList section */
	};
	rootObject = 02D0EC0B272E91C60090B451 /* Project object */;
}
